
Microsoft Visual Studio Solution File, Format Version 12.00
# Visual Studio Version 17
VisualStudioVersion = 17.0.31903.59
MinimumVisualStudioVersion = 10.0.40219.1
Project("{FAE04EC0-301F-11D3-BF4B-00C04F79EFBC}") = "CTS-BE.Tests", "CTS-BE.Tests\CTS-BE.Tests.csproj", "{D5D9430F-DBC6-4A38-B1AE-0FCED776AC21}"
EndProject
Project("{FAE04EC0-301F-11D3-BF4B-00C04F79EFBC}") = "CTS-BE", "CTS-BE\CTS-BE.csproj", "{D7898B4F-9A53-4FA4-A613-A835843D13FB}"
EndProject
Global
	GlobalSection(SolutionConfigurationPlatforms) = preSolution
		Debug|Any CPU = Debug|Any CPU
		Release|Any CPU = Release|Any CPU
	EndGlobalSection
	GlobalSection(SolutionProperties) = preSolution
		HideSolutionNode = FALSE
	EndGlobalSection
	GlobalSection(ProjectConfigurationPlatforms) = postSolution
		{D5D9430F-DBC6-4A38-B1AE-0FCED776AC21}.Debug|Any CPU.ActiveCfg = Debug|Any CPU
		{D5D9430F-DBC6-4A38-B1AE-0FCED776AC21}.Debug|Any CPU.Build.0 = Debug|Any CPU
		{D5D9430F-DBC6-4A38-B1AE-0FCED776AC21}.Release|Any CPU.ActiveCfg = Release|Any CPU
		{D5D9430F-DBC6-4A38-B1AE-0FCED776AC21}.Release|Any CPU.Build.0 = Release|Any CPU
		{D7898B4F-9A53-4FA4-A613-A835843D13FB}.Debug|Any CPU.ActiveCfg = Debug|Any CPU
		{D7898B4F-9A53-4FA4-A613-A835843D13FB}.Debug|Any CPU.Build.0 = Debug|Any CPU
		{D7898B4F-9A53-4FA4-A613-A835843D13FB}.Release|Any CPU.ActiveCfg = Release|Any CPU
		{D7898B4F-9A53-4FA4-A613-A835843D13FB}.Release|Any CPU.Build.0 = Release|Any CPU
	EndGlobalSection
EndGlobal
